
Microsoft Visual Studio Solution File, Format Version 12.00
# Visual Studio Version 17
VisualStudioVersion = 17.9.34714.143
MinimumVisualStudioVersion = 10.0.40219.1
Project("{FAE04EC0-301F-11D3-BF4B-00C04F79EFBC}") = "PostReplyCreationPlugin", "PostReplyCreationPlugin\PostReplyCreationPlugin.csproj", "{0E34A007-9C22-46FC-9C43-D32C99ABD00E}"
EndProject
Global
	GlobalSection(SolutionConfigurationPlatforms) = preSolution
		Debug|Any CPU = Debug|Any CPU
		Release|Any CPU = Release|Any CPU
	EndGlobalSection
	GlobalSection(ProjectConfigurationPlatforms) = postSolution
		{0E34A007-9C22-46FC-9C43-D32C99ABD00E}.Debug|Any CPU.ActiveCfg = Debug|Any CPU
		{0E34A007-9C22-46FC-9C43-D32C99ABD00E}.Debug|Any CPU.Build.0 = Debug|Any CPU
		{0E34A007-9C22-46FC-9C43-D32C99ABD00E}.Release|Any CPU.ActiveCfg = Release|Any CPU
		{0E34A007-9C22-46FC-9C43-D32C99ABD00E}.Release|Any CPU.Build.0 = Release|Any CPU
	EndGlobalSection
	GlobalSection(SolutionProperties) = preSolution
		HideSolutionNode = FALSE
	EndGlobalSection
	GlobalSection(ExtensibilityGlobals) = postSolution
		SolutionGuid = {8A6E20F9-B82D-4AD7-9A01-563B71B195FA}
	EndGlobalSection
EndGlobal
